
Microsoft Visual Studio Solution File, Format Version 12.00
# Visual Studio Version 17
VisualStudioVersion = 17.7.34221.43
MinimumVisualStudioVersion = 10.0.40219.1
Project("{FAE04EC0-301F-11D3-BF4B-00C04F79EFBC}") = "ProyectoFinalControlVersiones", "ProyectoFinalControlVersiones.csproj", "{D5641C5E-F078-4A42-A230-A6B6383B1BB1}"
EndProject
Global
	GlobalSection(SolutionConfigurationPlatforms) = preSolution
		Debug|Any CPU = Debug|Any CPU
		Release|Any CPU = Release|Any CPU
	EndGlobalSection
	GlobalSection(ProjectConfigurationPlatforms) = postSolution
		{D5641C5E-F078-4A42-A230-A6B6383B1BB1}.Debug|Any CPU.ActiveCfg = Debug|Any CPU
		{D5641C5E-F078-4A42-A230-A6B6383B1BB1}.Debug|Any CPU.Build.0 = Debug|Any CPU
		{D5641C5E-F078-4A42-A230-A6B6383B1BB1}.Release|Any CPU.ActiveCfg = Release|Any CPU
		{D5641C5E-F078-4A42-A230-A6B6383B1BB1}.Release|Any CPU.Build.0 = Release|Any CPU
	EndGlobalSection
	GlobalSection(SolutionProperties) = preSolution
		HideSolutionNode = FALSE
	EndGlobalSection
	GlobalSection(ExtensibilityGlobals) = postSolution
		SolutionGuid = {D9028763-86A7-4FDD-8701-E6ED0A25A900}
	EndGlobalSection
EndGlobal
